
Microsoft Visual Studio Solution File, Format Version 12.00
Project("{FAE04EC0-301F-11D3-BF4B-00C04F79EFBC}") = "ParserJavaServer", "ParserJavaServer\ParserJavaServer.csproj", "{86F9097E-5C61-454A-B269-40D7B9AC2189}"
EndProject
Global
	GlobalSection(SolutionConfigurationPlatforms) = preSolution
		Debug|Any CPU = Debug|Any CPU
		Release|Any CPU = Release|Any CPU
	EndGlobalSection
	GlobalSection(ProjectConfigurationPlatforms) = postSolution
		{86F9097E-5C61-454A-B269-40D7B9AC2189}.Debug|Any CPU.ActiveCfg = Debug|Any CPU
		{86F9097E-5C61-454A-B269-40D7B9AC2189}.Debug|Any CPU.Build.0 = Debug|Any CPU
		{86F9097E-5C61-454A-B269-40D7B9AC2189}.Release|Any CPU.ActiveCfg = Release|Any CPU
		{86F9097E-5C61-454A-B269-40D7B9AC2189}.Release|Any CPU.Build.0 = Release|Any CPU
	EndGlobalSection
EndGlobal
